// !$*UTF8*$!
{
	archiveVersion = 1;
	classes = {
	};
	objectVersion = 46;
	objects = {

/* Begin PBXBuildFile section */
		D55E21F91EEC6031009A4051 /* AppDelegate.swift in Sources */ = {isa = PBXBuildFile; fileRef = D55E21F81EEC6031009A4051 /* AppDelegate.swift */; };
		D55E21FB1EEC6031009A4051 /* ViewController.swift in Sources */ = {isa = PBXBuildFile; fileRef = D55E21FA1EEC6031009A4051 /* ViewController.swift */; };
		D55E21FE1EEC6031009A4051 /* Main.storyboard in Resources */ = {isa = PBXBuildFile; fileRef = D55E21FC1EEC6031009A4051 /* Main.storyboard */; };
		D55E22001EEC6031009A4051 /* Assets.xcassets in Resources */ = {isa = PBXBuildFile; fileRef = D55E21FF1EEC6031009A4051 /* Assets.xcassets */; };
		D55E22031EEC6031009A4051 /* LaunchScreen.storyboard in Resources */ = {isa = PBXBuildFile; fileRef = D55E22011EEC6031009A4051 /* LaunchScreen.storyboard */; };
		D55E220E1EEC6032009A4051 /* SwiftCourse2Tests.swift in Sources */ = {isa = PBXBuildFile; fileRef = D55E220D1EEC6032009A4051 /* SwiftCourse2Tests.swift */; };
		D55E22191EEC6032009A4051 /* SwiftCourse2UITests.swift in Sources */ = {isa = PBXBuildFile; fileRef = D55E22181EEC6032009A4051 /* SwiftCourse2UITests.swift */; };
/* End PBXBuildFile section */

/* Begin PBXContainerItemProxy section */
		D55E220A1EEC6032009A4051 /* PBXContainerItemProxy */ = {
			isa = PBXContainerItemProxy;
			containerPortal = D55E21ED1EEC6031009A4051 /* Project object */;
			proxyType = 1;
			remoteGlobalIDString = D55E21F41EEC6031009A4051;
			remoteInfo = SwiftCourse2;
		};
		D55E22151EEC6032009A4051 /* PBXContainerItemProxy */ = {
			isa = PBXContainerItemProxy;
			containerPortal = D55E21ED1EEC6031009A4051 /* Project object */;
			proxyType = 1;
			remoteGlobalIDString = D55E21F41EEC6031009A4051;
			remoteInfo = SwiftCourse2;
		};
/* End PBXContainerItemProxy section */

/* Begin PBXFileReference section */
		D55E21F51EEC6031009A4051 /* SwiftCourse2.app */ = {isa = PBXFileReference; explicitFileType = wrapper.application; includeInIndex = 0; path = SwiftCourse2.app; sourceTree = BUILT_PRODUCTS_DIR; };
		D55E21F81EEC6031009A4051 /* AppDelegate.swift */ = {isa = PBXFileReference; lastKnownFileType = sourcecode.swift; path = AppDelegate.swift; sourceTree = "<group>"; };
		D55E21FA1EEC6031009A4051 /* ViewController.swift */ = {isa = PBXFileReference; lastKnownFileType = sourcecode.swift; path = ViewController.swift; sourceTree = "<group>"; };
		D55E21FD1EEC6031009A4051 /* Base */ = {isa = PBXFileReference; lastKnownFileType = file.storyboard; name = Base; path = Base.lproj/Main.storyboard; sourceTree = "<group>"; };
		D55E21FF1EEC6031009A4051 /* Assets.xcassets */ = {isa = PBXFileReference; lastKnownFileType = folder.assetcatalog; path = Assets.xcassets; sourceTree = "<group>"; };
		D55E22021EEC6031009A4051 /* Base */ = {isa = PBXFileReference; lastKnownFileType = file.storyboard; name = Base; path = Base.lproj/LaunchScreen.storyboard; sourceTree = "<group>"; };
		D55E22041EEC6031009A4051 /* Info.plist */ = {isa = PBXFileReference; lastKnownFileType = text.plist.xml; path = Info.plist; sourceTree = "<group>"; };
		D55E22091EEC6032009A4051 /* SwiftCourse2Tests.xctest */ = {isa = PBXFileReference; explicitFileType = wrapper.cfbundle; includeInIndex = 0; path = SwiftCourse2Tests.xctest; sourceTree = BUILT_PRODUCTS_DIR; };
		D55E220D1EEC6032009A4051 /* SwiftCourse2Tests.swift */ = {isa = PBXFileReference; lastKnownFileType = sourcecode.swift; path = SwiftCourse2Tests.swift; sourceTree = "<group>"; };
		D55E220F1EEC6032009A4051 /* Info.plist */ = {isa = PBXFileReference; lastKnownFileType = text.plist.xml; path = Info.plist; sourceTree = "<group>"; };
		D55E22141EEC6032009A4051 /* SwiftCourse2UITests.xctest */ = {isa = PBXFileReference; explicitFileType = wrapper.cfbundle; includeInIndex = 0; path = SwiftCourse2UITests.xctest; sourceTree = BUILT_PRODUCTS_DIR; };
		D55E22181EEC6032009A4051 /* SwiftCourse2UITests.swift */ = {isa = PBXFileReference; lastKnownFileType = sourcecode.swift; path = SwiftCourse2UITests.swift; sourceTree = "<group>"; };
		D55E221A1EEC6032009A4051 /* Info.plist */ = {isa = PBXFileReference; lastKnownFileType = text.plist.xml; path = Info.plist; sourceTree = "<group>"; };
/* End PBXFileReference section */

/* Begin PBXFrameworksBuildPhase section */
		D55E21F21EEC6031009A4051 /* Frameworks */ = {
			isa = PBXFrameworksBuildPhase;
			buildActionMask = 2147483647;
			files = (
			);
			runOnlyForDeploymentPostprocessing = 0;
		};
		D55E22061EEC6032009A4051 /* Frameworks */ = {
			isa = PBXFrameworksBuildPhase;
			buildActionMask = 2147483647;
			files = (
			);
			runOnlyForDeploymentPostprocessing = 0;
		};
		D55E22111EEC6032009A4051 /* Frameworks */ = {
			isa = PBXFrameworksBuildPhase;
			buildActionMask = 2147483647;
			files = (
			);
			runOnlyForDeploymentPostprocessing = 0;
		};
/* End PBXFrameworksBuildPhase section */

/* Begin PBXGroup section */
		D55E21EC1EEC6031009A4051 = {
			isa = PBXGroup;
			children = (
				D55E21F71EEC6031009A4051 /* SwiftCourse2 */,
				D55E220C1EEC6032009A4051 /* SwiftCourse2Tests */,
				D55E22171EEC6032009A4051 /* SwiftCourse2UITests */,
				D55E21F61EEC6031009A4051 /* Products */,
			);
			sourceTree = "<group>";
		};
		D55E21F61EEC6031009A4051 /* Products */ = {
			isa = PBXGroup;
			children = (
				D55E21F51EEC6031009A4051 /* SwiftCourse2.app */,
				D55E22091EEC6032009A4051 /* SwiftCourse2Tests.xctest */,
				D55E22141EEC6032009A4051 /* SwiftCourse2UITests.xctest */,
			);
			name = Products;
			sourceTree = "<group>";
		};
		D55E21F71EEC6031009A4051 /* SwiftCourse2 */ = {
			isa = PBXGroup;
			children = (
				D55E21F81EEC6031009A4051 /* AppDelegate.swift */,
				D55E21FA1EEC6031009A4051 /* ViewController.swift */,
				D55E21FC1EEC6031009A4051 /* Main.storyboard */,
				D55E21FF1EEC6031009A4051 /* Assets.xcassets */,
				D55E22011EEC6031009A4051 /* LaunchScreen.storyboard */,
				D55E22041EEC6031009A4051 /* Info.plist */,
			);
			path = SwiftCourse2;
			sourceTree = "<group>";
		};
		D55E220C1EEC6032009A4051 /* SwiftCourse2Tests */ = {
			isa = PBXGroup;
			children = (
				D55E220D1EEC6032009A4051 /* SwiftCourse2Tests.swift */,
				D55E220F1EEC6032009A4051 /* Info.plist */,
			);
			path = SwiftCourse2Tests;
			sourceTree = "<group>";
		};
		D55E22171EEC6032009A4051 /* SwiftCourse2UITests */ = {
			isa = PBXGroup;
			children = (
				D55E22181EEC6032009A4051 /* SwiftCourse2UITests.swift */,
				D55E221A1EEC6032009A4051 /* Info.plist */,
			);
			path = SwiftCourse2UITests;
			sourceTree = "<group>";
		};
/* End PBXGroup section */

/* Begin PBXNativeTarget section */
		D55E21F41EEC6031009A4051 /* SwiftCourse2 */ = {
			isa = PBXNativeTarget;
			buildConfigurationList = D55E221D1EEC6032009A4051 /* Build configuration list for PBXNativeTarget "SwiftCourse2" */;
			buildPhases = (
				D55E21F11EEC6031009A4051 /* Sources */,
				D55E21F21EEC6031009A4051 /* Frameworks */,
				D55E21F31EEC6031009A4051 /* Resources */,
			);
			buildRules = (
			);
			dependencies = (
			);
			name = SwiftCourse2;
			productName = SwiftCourse2;
			productReference = D55E21F51EEC6031009A4051 /* SwiftCourse2.app */;
			productType = "com.apple.product-type.application";
		};
		D55E22081EEC6032009A4051 /* SwiftCourse2Tests */ = {
			isa = PBXNativeTarget;
			buildConfigurationList = D55E22201EEC6032009A4051 /* Build configuration list for PBXNativeTarget "SwiftCourse2Tests" */;
			buildPhases = (
				D55E22051EEC6032009A4051 /* Sources */,
				D55E22061EEC6032009A4051 /* Frameworks */,
				D55E22071EEC6032009A4051 /* Resources */,
			);
			buildRules = (
			);
			dependencies = (
				D55E220B1EEC6032009A4051 /* PBXTargetDependency */,
			);
			name = SwiftCourse2Tests;
			productName = SwiftCourse2Tests;
			productReference = D55E22091EEC6032009A4051 /* SwiftCourse2Tests.xctest */;
			productType = "com.apple.product-type.bundle.unit-test";
		};
		D55E22131EEC6032009A4051 /* SwiftCourse2UITests */ = {
			isa = PBXNativeTarget;
			buildConfigurationList = D55E22231EEC6032009A4051 /* Build configuration list for PBXNativeTarget "SwiftCourse2UITests" */;
			buildPhases = (
				D55E22101EEC6032009A4051 /* Sources */,
				D55E22111EEC6032009A4051 /* Frameworks */,
				D55E22121EEC6032009A4051 /* Resources */,
			);
			buildRules = (
			);
			dependencies = (
				D55E22161EEC6032009A4051 /* PBXTargetDependency */,
			);
			name = SwiftCourse2UITests;
			productName = SwiftCourse2UITests;
			productReference = D55E22141EEC6032009A4051 /* SwiftCourse2UITests.xctest */;
			productType = "com.apple.product-type.bundle.ui-testing";
		};
/* End PBXNativeTarget section */

/* Begin PBXProject section */
		D55E21ED1EEC6031009A4051 /* Project object */ = {
			isa = PBXProject;
			attributes = {
				LastSwiftUpdateCheck = 0830;
				LastUpgradeCheck = 0830;
				ORGANIZATIONNAME = "Rafal Szczech";
				TargetAttributes = {
					D55E21F41EEC6031009A4051 = {
						CreatedOnToolsVersion = 8.3.3;
						ProvisioningStyle = Automatic;
					};
					D55E22081EEC6032009A4051 = {
						CreatedOnToolsVersion = 8.3.3;
						ProvisioningStyle = Automatic;
						TestTargetID = D55E21F41EEC6031009A4051;
					};
					D55E22131EEC6032009A4051 = {
						CreatedOnToolsVersion = 8.3.3;
						ProvisioningStyle = Automatic;
						TestTargetID = D55E21F41EEC6031009A4051;
					};
				};
			};
			buildConfigurationList = D55E21F01EEC6031009A4051 /* Build configuration list for PBXProject "SwiftCourse2" */;
			compatibilityVersion = "Xcode 3.2";
			developmentRegion = English;
			hasScannedForEncodings = 0;
			knownRegions = (
				en,
				Base,
			);
			mainGroup = D55E21EC1EEC6031009A4051;
			productRefGroup = D55E21F61EEC6031009A4051 /* Products */;
			projectDirPath = "";
			projectRoot = "";
			targets = (
				D55E21F41EEC6031009A4051 /* SwiftCourse2 */,
				D55E22081EEC6032009A4051 /* SwiftCourse2Tests */,
				D55E22131EEC6032009A4051 /* SwiftCourse2UITests */,
			);
		};
/* End PBXProject section */

/* Begin PBXResourcesBuildPhase section */
		D55E21F31EEC6031009A4051 /* Resources */ = {
			isa = PBXResourcesBuildPhase;
			buildActionMask = 2147483647;
			files = (
				D55E22031EEC6031009A4051 /* LaunchScreen.storyboard in Resources */,
				D55E22001EEC6031009A4051 /* Assets.xcassets in Resources */,
				D55E21FE1EEC6031009A4051 /* Main.storyboard in Resources */,
			);
			runOnlyForDeploymentPostprocessing = 0;
		};
		D55E22071EEC6032009A4051 /* Resources */ = {
			isa = PBXResourcesBuildPhase;
			buildActionMask = 2147483647;
			files = (
			);
			runOnlyForDeploymentPostprocessing = 0;
		};
		D55E22121EEC6032009A4051 /* Resources */ = {
			isa = PBXResourcesBuildPhase;
			buildActionMask = 2147483647;
			files = (
			);
			runOnlyForDeploymentPostprocessing = 0;
		};
/* End PBXResourcesBuildPhase section */

/* Begin PBXSourcesBuildPhase section */
		D55E21F11EEC6031009A4051 /* Sources */ = {
			isa = PBXSourcesBuildPhase;
			buildActionMask = 2147483647;
			files = (
				D55E21FB1EEC6031009A4051 /* ViewController.swift in Sources */,
				D55E21F91EEC6031009A4051 /* AppDelegate.swift in Sources */,
			);
			runOnlyForDeploymentPostprocessing = 0;
		};
		D55E22051EEC6032009A4051 /* Sources */ = {
			isa = PBXSourcesBuildPhase;
			buildActionMask = 2147483647;
			files = (
				D55E220E1EEC6032009A4051 /* SwiftCourse2Tests.swift in Sources */,
			);
			runOnlyForDeploymentPostprocessing = 0;
		};
		D55E22101EEC6032009A4051 /* Sources */ = {
			isa = PBXSourcesBuildPhase;
			buildActionMask = 2147483647;
			files = (
				D55E22191EEC6032009A4051 /* SwiftCourse2UITests.swift in Sources */,
			);
			runOnlyForDeploymentPostprocessing = 0;
		};
/* End PBXSourcesBuildPhase section */

/* Begin PBXTargetDependency section */
		D55E220B1EEC6032009A4051 /* PBXTargetDependency */ = {
			isa = PBXTargetDependency;
			target = D55E21F41EEC6031009A4051 /* SwiftCourse2 */;
			targetProxy = D55E220A1EEC6032009A4051 /* PBXContainerItemProxy */;
		};
		D55E22161EEC6032009A4051 /* PBXTargetDependency */ = {
			isa = PBXTargetDependency;
			target = D55E21F41EEC6031009A4051 /* SwiftCourse2 */;
			targetProxy = D55E22151EEC6032009A4051 /* PBXContainerItemProxy */;
		};
/* End PBXTargetDependency section */

/* Begin PBXVariantGroup section */
		D55E21FC1EEC6031009A4051 /* Main.storyboard */ = {
			isa = PBXVariantGroup;
			children = (
				D55E21FD1EEC6031009A4051 /* Base */,
			);
			name = Main.storyboard;
			sourceTree = "<group>";
		};
		D55E22011EEC6031009A4051 /* LaunchScreen.storyboard */ = {
			isa = PBXVariantGroup;
			children = (
				D55E22021EEC6031009A4051 /* Base */,
			);
			name = LaunchScreen.storyboard;
			sourceTree = "<group>";
		};
/* End PBXVariantGroup section */

/* Begin XCBuildConfiguration section */
		D55E221B1EEC6032009A4051 /* Debug */ = {
			isa = XCBuildConfiguration;
			buildSettings = {
				ALWAYS_SEARCH_USER_PATHS = NO;
				CLANG_ANALYZER_NONNULL = YES;
				CLANG_ANALYZER_NUMBER_OBJECT_CONVERSION = YES_AGGRESSIVE;
				CLANG_CXX_LANGUAGE_STANDARD = "gnu++0x";
				CLANG_CXX_LIBRARY = "libc++";
				CLANG_ENABLE_MODULES = YES;
				CLANG_ENABLE_OBJC_ARC = YES;
				CLANG_WARN_BOOL_CONVERSION = YES;
				CLANG_WARN_CONSTANT_CONVERSION = YES;
				CLANG_WARN_DIRECT_OBJC_ISA_USAGE = YES_ERROR;
				CLANG_WARN_DOCUMENTATION_COMMENTS = YES;
				CLANG_WARN_EMPTY_BODY = YES;
				CLANG_WARN_ENUM_CONVERSION = YES;
				CLANG_WARN_INFINITE_RECURSION = YES;
				CLANG_WARN_INT_CONVERSION = YES;
				CLANG_WARN_OBJC_ROOT_CLASS = YES_ERROR;
				CLANG_WARN_SUSPICIOUS_MOVE = YES;
				CLANG_WARN_UNREACHABLE_CODE = YES;
				CLANG_WARN__DUPLICATE_METHOD_MATCH = YES;
				"CODE_SIGN_IDENTITY[sdk=iphoneos*]" = "iPhone Developer";
				COPY_PHASE_STRIP = NO;
				DEBUG_INFORMATION_FORMAT = dwarf;
				ENABLE_STRICT_OBJC_MSGSEND = YES;
				ENABLE_TESTABILITY = YES;
				GCC_C_LANGUAGE_STANDARD = gnu99;
				GCC_DYNAMIC_NO_PIC = NO;
				GCC_NO_COMMON_BLOCKS = YES;
				GCC_OPTIMIZATION_LEVEL = 0;
				GCC_PREPROCESSOR_DEFINITIONS = (
					"DEBUG=1",
					"$(inherited)",
				);
				GCC_WARN_64_TO_32_BIT_CONVERSION = YES;
				GCC_WARN_ABOUT_RETURN_TYPE = YES_ERROR;
				GCC_WARN_UNDECLARED_SELECTOR = YES;
				GCC_WARN_UNINITIALIZED_AUTOS = YES_AGGRESSIVE;
				GCC_WARN_UNUSED_FUNCTION = YES;
				GCC_WARN_UNUSED_VARIABLE = YES;
				IPHONEOS_DEPLOYMENT_TARGET = 10.3;
				MTL_ENABLE_DEBUG_INFO = YES;
				ONLY_ACTIVE_ARCH = YES;
				SDKROOT = iphoneos;
				SWIFT_ACTIVE_COMPILATION_CONDITIONS = DEBUG;
				SWIFT_OPTIMIZATION_LEVEL = "-Onone";
				TARGETED_DEVICE_FAMILY = "1,2";
			};
			name = Debug;
		};
		D55E221C1EEC6032009A4051 /* Release */ = {
			isa = XCBuildConfiguration;
			buildSettings = {
				ALWAYS_SEARCH_USER_PATHS = NO;
				CLANG_ANALYZER_NONNULL = YES;
				CLANG_ANALYZER_NUMBER_OBJECT_CONVERSION = YES_AGGRESSIVE;
				CLANG_CXX_LANGUAGE_STANDARD = "gnu++0x";
				CLANG_CXX_LIBRARY = "libc++";
				CLANG_ENABLE_MODULES = YES;
				CLANG_ENABLE_OBJC_ARC = YES;
				CLANG_WARN_BOOL_CONVERSION = YES;
				CLANG_WARN_CONSTANT_CONVERSION = YES;
				CLANG_WARN_DIRECT_OBJC_ISA_USAGE = YES_ERROR;
				CLANG_WARN_DOCUMENTATION_COMMENTS = YES;
				CLANG_WARN_EMPTY_BODY = YES;
				CLANG_WARN_ENUM_CONVERSION = YES;
				CLANG_WARN_INFINITE_RECURSION = YES;
				CLANG_WARN_INT_CONVERSION = YES;
				CLANG_WARN_OBJC_ROOT_CLASS = YES_ERROR;
				CLANG_WARN_SUSPICIOUS_MOVE = YES;
				CLANG_WARN_UNREACHABLE_CODE = YES;
				CLANG_WARN__DUPLICATE_METHOD_MATCH = YES;
				"CODE_SIGN_IDENTITY[sdk=iphoneos*]" = "iPhone Developer";
				COPY_PHASE_STRIP = NO;
				DEBUG_INFORMATION_FORMAT = "dwarf-with-dsym";
				ENABLE_NS_ASSERTIONS = NO;
				ENABLE_STRICT_OBJC_MSGSEND = YES;
				GCC_C_LANGUAGE_STANDARD = gnu99;
				GCC_NO_COMMON_BLOCKS = YES;
				GCC_WARN_64_TO_32_BIT_CONVERSION = YES;
				GCC_WARN_ABOUT_RETURN_TYPE = YES_ERROR;
				GCC_WARN_UNDECLARED_SELECTOR = YES;
				GCC_WARN_UNINITIALIZED_AUTOS = YES_AGGRESSIVE;
				GCC_WARN_UNUSED_FUNCTION = YES;
				GCC_WARN_UNUSED_VARIABLE = YES;
				IPHONEOS_DEPLOYMENT_TARGET = 10.3;
				MTL_ENABLE_DEBUG_INFO = NO;
				SDKROOT = iphoneos;
				SWIFT_OPTIMIZATION_LEVEL = "-Owholemodule";
				TARGETED_DEVICE_FAMILY = "1,2";
				VALIDATE_PRODUCT = YES;
			};
			name = Release;
		};
		D55E221E1EEC6032009A4051 /* Debug */ = {
			isa = XCBuildConfiguration;
			buildSettings = {
				ASSETCATALOG_COMPILER_APPICON_NAME = AppIcon;
				INFOPLIST_FILE = SwiftCourse2/Info.plist;
				LD_RUNPATH_SEARCH_PATHS = "$(inherited) @executable_path/Frameworks";
				PRODUCT_BUNDLE_IDENTIFIER = RS.SwiftCourse2;
				PRODUCT_NAME = "$(TARGET_NAME)";
				SWIFT_VERSION = 3.0;
			};
			name = Debug;
		};
		D55E221F1EEC6032009A4051 /* Release */ = {
			isa = XCBuildConfiguration;
			buildSettings = {
				ASSETCATALOG_COMPILER_APPICON_NAME = AppIcon;
				INFOPLIST_FILE = SwiftCourse2/Info.plist;
				LD_RUNPATH_SEARCH_PATHS = "$(inherited) @executable_path/Frameworks";
				PRODUCT_BUNDLE_IDENTIFIER = RS.SwiftCourse2;
				PRODUCT_NAME = "$(TARGET_NAME)";
				SWIFT_VERSION = 3.0;
			};
			name = Release;
		};
		D55E22211EEC6032009A4051 /* Debug */ = {
			isa = XCBuildConfiguration;
			buildSettings = {
				ALWAYS_EMBED_SWIFT_STANDARD_LIBRARIES = YES;
				BUNDLE_LOADER = "$(TEST_HOST)";
				INFOPLIST_FILE = SwiftCourse2Tests/Info.plist;
				LD_RUNPATH_SEARCH_PATHS = "$(inherited) @executable_path/Frameworks @loader_path/Frameworks";
				PRODUCT_BUNDLE_IDENTIFIER = RS.SwiftCourse2Tests;
				PRODUCT_NAME = "$(TARGET_NAME)";
				SWIFT_VERSION = 3.0;
				TEST_HOST = "$(BUILT_PRODUCTS_DIR)/SwiftCourse2.app/SwiftCourse2";
			};
			name = Debug;
		};
		D55E22221EEC6032009A4051 /* Release */ = {
			isa = XCBuildConfiguration;
			buildSettings = {
				ALWAYS_EMBED_SWIFT_STANDARD_LIBRARIES = YES;
				BUNDLE_LOADER = "$(TEST_HOST)";
				INFOPLIST_FILE = SwiftCourse2Tests/Info.plist;
				LD_RUNPATH_SEARCH_PATHS = "$(inherited) @executable_path/Frameworks @loader_path/Frameworks";
				PRODUCT_BUNDLE_IDENTIFIER = RS.SwiftCourse2Tests;
				PRODUCT_NAME = "$(TARGET_NAME)";
				SWIFT_VERSION = 3.0;
				TEST_HOST = "$(BUILT_PRODUCTS_DIR)/SwiftCourse2.app/SwiftCourse2";
			};
			name = Release;
		};
		D55E22241EEC6032009A4051 /* Debug */ = {
			isa = XCBuildConfiguration;
			buildSettings = {
				ALWAYS_EMBED_SWIFT_STANDARD_LIBRARIES = YES;
				INFOPLIST_FILE = SwiftCourse2UITests/Info.plist;
				LD_RUNPATH_SEARCH_PATHS = "$(inherited) @executable_path/Frameworks @loader_path/Frameworks";
				PRODUCT_BUNDLE_IDENTIFIER = RS.SwiftCourse2UITests;
				PRODUCT_NAME = "$(TARGET_NAME)";
				SWIFT_VERSION = 3.0;
				TEST_TARGET_NAME = SwiftCourse2;
			};
			name = Debug;
		};
		D55E22251EEC6032009A4051 /* Release */ = {
			isa = XCBuildConfiguration;
			buildSettings = {
				ALWAYS_EMBED_SWIFT_STANDARD_LIBRARIES = YES;
				INFOPLIST_FILE = SwiftCourse2UITests/Info.plist;
				LD_RUNPATH_SEARCH_PATHS = "$(inherited) @executable_path/Frameworks @loader_path/Frameworks";
				PRODUCT_BUNDLE_IDENTIFIER = RS.SwiftCourse2UITests;
				PRODUCT_NAME = "$(TARGET_NAME)";
				SWIFT_VERSION = 3.0;
				TEST_TARGET_NAME = SwiftCourse2;
			};
			name = Release;
		};
/* End XCBuildConfiguration section */

/* Begin XCConfigurationList section */
		D55E21F01EEC6031009A4051 /* Build configuration list for PBXProject "SwiftCourse2" */ = {
			isa = XCConfigurationList;
			buildConfigurations = (
				D55E221B1EEC6032009A4051 /* Debug */,
				D55E221C1EEC6032009A4051 /* Release */,
			);
			defaultConfigurationIsVisible = 0;
			defaultConfigurationName = Release;
		};
		D55E221D1EEC6032009A4051 /* Build configuration list for PBXNativeTarget "SwiftCourse2" */ = {
			isa = XCConfigurationList;
			buildConfigurations = (
				D55E221E1EEC6032009A4051 /* Debug */,
				D55E221F1EEC6032009A4051 /* Release */,
			);
			defaultConfigurationIsVisible = 0;
		};
		D55E22201EEC6032009A4051 /* Build configuration list for PBXNativeTarget "SwiftCourse2Tests" */ = {
			isa = XCConfigurationList;
			buildConfigurations = (
				D55E22211EEC6032009A4051 /* Debug */,
				D55E22221EEC6032009A4051 /* Release */,
			);
			defaultConfigurationIsVisible = 0;
		};
		D55E22231EEC6032009A4051 /* Build configuration list for PBXNativeTarget "SwiftCourse2UITests" */ = {
			isa = XCConfigurationList;
			buildConfigurations = (
				D55E22241EEC6032009A4051 /* Debug */,
				D55E22251EEC6032009A4051 /* Release */,
			);
			defaultConfigurationIsVisible = 0;
		};
/* End XCConfigurationList section */
	};
	rootObject = D55E21ED1EEC6031009A4051 /* Project object */;
}
